{
  "name": "2023-1-OSSProj-3PLUS-6",
  "lockfileVersion": 3,
  "requires": true,
  "packages": {
    "": {
      "dependencies": {
        "js-cookie": "^3.0.5"
      }
    },
    "node_modules/js-cookie": {
      "version": "3.0.5",
      "license": "MIT",
      "engines": {
        "node": ">=14"
      }
    }
  }
}
